
Microsoft Visual Studio Solution File, Format Version 12.00
# Visual Studio 15
VisualStudioVersion = 15.0.26730.12
MinimumVisualStudioVersion = 10.0.40219.1
Project("{FAE04EC0-301F-11D3-BF4B-00C04F79EFBC}") = "Lab31Erik", "Lab31Erik\Lab31Erik.csproj", "{ACF63186-7D36-40BA-B798-CD4CEA502EC4}"
EndProject
Global
	GlobalSection(SolutionConfigurationPlatforms) = preSolution
		Debug|Any CPU = Debug|Any CPU
		Release|Any CPU = Release|Any CPU
	EndGlobalSection
	GlobalSection(ProjectConfigurationPlatforms) = postSolution
		{ACF63186-7D36-40BA-B798-CD4CEA502EC4}.Debug|Any CPU.ActiveCfg = Debug|Any CPU
		{ACF63186-7D36-40BA-B798-CD4CEA502EC4}.Debug|Any CPU.Build.0 = Debug|Any CPU
		{ACF63186-7D36-40BA-B798-CD4CEA502EC4}.Release|Any CPU.ActiveCfg = Release|Any CPU
		{ACF63186-7D36-40BA-B798-CD4CEA502EC4}.Release|Any CPU.Build.0 = Release|Any CPU
	EndGlobalSection
	GlobalSection(SolutionProperties) = preSolution
		HideSolutionNode = FALSE
	EndGlobalSection
	GlobalSection(ExtensibilityGlobals) = postSolution
		SolutionGuid = {CB6052B1-8BEC-4984-B34D-FC516ECFD5CA}
	EndGlobalSection
EndGlobal
